
Microsoft Visual Studio Solution File, Format Version 12.00
# Visual Studio Version 16
VisualStudioVersion = 16.0.30114.105
MinimumVisualStudioVersion = 10.0.40219.1
Project("{9A19103F-16F7-4668-BE54-9A1E7A4F7556}") = "Cblx.OData.Client", "OData.Client\Cblx.OData.Client.csproj", "{33CA6B4C-6088-4A96-A8C9-37F21994000D}"
EndProject
Project("{9A19103F-16F7-4668-BE54-9A1E7A4F7556}") = "Cblx.OData.Client.Abstractions", "OData.Client.Abstractions\Cblx.OData.Client.Abstractions.csproj", "{A288D58F-F775-4DDA-B1FC-5E80960CB7F3}"
EndProject
Project("{9A19103F-16F7-4668-BE54-9A1E7A4F7556}") = "Cblx.OData.Client.UnitTests", "OData.Client.UnitTests\Cblx.OData.Client.UnitTests.csproj", "{903B77DB-1A40-4461-A46F-8F85C41F55FB}"
EndProject
Project("{2150E333-8FDC-42A3-9474-1A3956D46DE8}") = "Solution Items", "Solution Items", "{B36D94DE-4DE5-449D-A872-56543F0642C9}"
	ProjectSection(SolutionItems) = preProject
		coverlet.runsettings = coverlet.runsettings
		.github\workflows\main.yml = .github\workflows\main.yml
		test.js = test.js
	EndProjectSection
EndProject
Global
	GlobalSection(SolutionConfigurationPlatforms) = preSolution
		Debug|Any CPU = Debug|Any CPU
		Debug|x64 = Debug|x64
		Debug|x86 = Debug|x86
		Release|Any CPU = Release|Any CPU
		Release|x64 = Release|x64
		Release|x86 = Release|x86
	EndGlobalSection
	GlobalSection(ProjectConfigurationPlatforms) = postSolution
		{33CA6B4C-6088-4A96-A8C9-37F21994000D}.Debug|Any CPU.ActiveCfg = Debug|Any CPU
		{33CA6B4C-6088-4A96-A8C9-37F21994000D}.Debug|Any CPU.Build.0 = Debug|Any CPU
		{33CA6B4C-6088-4A96-A8C9-37F21994000D}.Debug|x64.ActiveCfg = Debug|Any CPU
		{33CA6B4C-6088-4A96-A8C9-37F21994000D}.Debug|x64.Build.0 = Debug|Any CPU
		{33CA6B4C-6088-4A96-A8C9-37F21994000D}.Debug|x86.ActiveCfg = Debug|Any CPU
		{33CA6B4C-6088-4A96-A8C9-37F21994000D}.Debug|x86.Build.0 = Debug|Any CPU
		{33CA6B4C-6088-4A96-A8C9-37F21994000D}.Release|Any CPU.ActiveCfg = Release|Any CPU
		{33CA6B4C-6088-4A96-A8C9-37F21994000D}.Release|Any CPU.Build.0 = Release|Any CPU
		{33CA6B4C-6088-4A96-A8C9-37F21994000D}.Release|x64.ActiveCfg = Release|Any CPU
		{33CA6B4C-6088-4A96-A8C9-37F21994000D}.Release|x64.Build.0 = Release|Any CPU
		{33CA6B4C-6088-4A96-A8C9-37F21994000D}.Release|x86.ActiveCfg = Release|Any CPU
		{33CA6B4C-6088-4A96-A8C9-37F21994000D}.Release|x86.Build.0 = Release|Any CPU
		{A288D58F-F775-4DDA-B1FC-5E80960CB7F3}.Debug|Any CPU.ActiveCfg = Debug|Any CPU
		{A288D58F-F775-4DDA-B1FC-5E80960CB7F3}.Debug|Any CPU.Build.0 = Debug|Any CPU
		{A288D58F-F775-4DDA-B1FC-5E80960CB7F3}.Debug|x64.ActiveCfg = Debug|Any CPU
		{A288D58F-F775-4DDA-B1FC-5E80960CB7F3}.Debug|x64.Build.0 = Debug|Any CPU
		{A288D58F-F775-4DDA-B1FC-5E80960CB7F3}.Debug|x86.ActiveCfg = Debug|Any CPU
		{A288D58F-F775-4DDA-B1FC-5E80960CB7F3}.Debug|x86.Build.0 = Debug|Any CPU
		{A288D58F-F775-4DDA-B1FC-5E80960CB7F3}.Release|Any CPU.ActiveCfg = Release|Any CPU
		{A288D58F-F775-4DDA-B1FC-5E80960CB7F3}.Release|Any CPU.Build.0 = Release|Any CPU
		{A288D58F-F775-4DDA-B1FC-5E80960CB7F3}.Release|x64.ActiveCfg = Release|Any CPU
		{A288D58F-F775-4DDA-B1FC-5E80960CB7F3}.Release|x64.Build.0 = Release|Any CPU
		{A288D58F-F775-4DDA-B1FC-5E80960CB7F3}.Release|x86.ActiveCfg = Release|Any CPU
		{A288D58F-F775-4DDA-B1FC-5E80960CB7F3}.Release|x86.Build.0 = Release|Any CPU
		{903B77DB-1A40-4461-A46F-8F85C41F55FB}.Debug|Any CPU.ActiveCfg = Debug|Any CPU
		{903B77DB-1A40-4461-A46F-8F85C41F55FB}.Debug|Any CPU.Build.0 = Debug|Any CPU
		{903B77DB-1A40-4461-A46F-8F85C41F55FB}.Debug|x64.ActiveCfg = Debug|Any CPU
		{903B77DB-1A40-4461-A46F-8F85C41F55FB}.Debug|x64.Build.0 = Debug|Any CPU
		{903B77DB-1A40-4461-A46F-8F85C41F55FB}.Debug|x86.ActiveCfg = Debug|Any CPU
		{903B77DB-1A40-4461-A46F-8F85C41F55FB}.Debug|x86.Build.0 = Debug|Any CPU
		{903B77DB-1A40-4461-A46F-8F85C41F55FB}.Release|Any CPU.ActiveCfg = Release|Any CPU
		{903B77DB-1A40-4461-A46F-8F85C41F55FB}.Release|Any CPU.Build.0 = Release|Any CPU
		{903B77DB-1A40-4461-A46F-8F85C41F55FB}.Release|x64.ActiveCfg = Release|Any CPU
		{903B77DB-1A40-4461-A46F-8F85C41F55FB}.Release|x64.Build.0 = Release|Any CPU
		{903B77DB-1A40-4461-A46F-8F85C41F55FB}.Release|x86.ActiveCfg = Release|Any CPU
		{903B77DB-1A40-4461-A46F-8F85C41F55FB}.Release|x86.Build.0 = Release|Any CPU
	EndGlobalSection
	GlobalSection(SolutionProperties) = preSolution
		HideSolutionNode = FALSE
	EndGlobalSection
	GlobalSection(ExtensibilityGlobals) = postSolution
		SolutionGuid = {745A4EB8-2D5E-4FCF-BBED-B2D3CC63D7E3}
	EndGlobalSection
EndGlobal
