
Microsoft Visual Studio Solution File, Format Version 12.00
# Visual Studio Version 17
VisualStudioVersion = 17.1.32210.238
MinimumVisualStudioVersion = 10.0.40219.1
Project("{9A19103F-16F7-4668-BE54-9A1E7A4F7556}") = "Cblx.OData.Client", "OData.Client\Cblx.OData.Client.csproj", "{33CA6B4C-6088-4A96-A8C9-37F21994000D}"
EndProject
Project("{9A19103F-16F7-4668-BE54-9A1E7A4F7556}") = "Cblx.OData.Client.Abstractions", "OData.Client.Abstractions\Cblx.OData.Client.Abstractions.csproj", "{A288D58F-F775-4DDA-B1FC-5E80960CB7F3}"
EndProject
Project("{9A19103F-16F7-4668-BE54-9A1E7A4F7556}") = "Cblx.OData.Client.Tests", "OData.Client.UnitTests\Cblx.OData.Client.Tests.csproj", "{903B77DB-1A40-4461-A46F-8F85C41F55FB}"
EndProject
Project("{2150E333-8FDC-42A3-9474-1A3956D46DE8}") = "Solution Items", "Solution Items", "{B36D94DE-4DE5-449D-A872-56543F0642C9}"
	ProjectSection(SolutionItems) = preProject
		coverlet.runsettings = coverlet.runsettings
		.github\workflows\main.yml = .github\workflows\main.yml
		test.js = test.js
	EndProjectSection
EndProject
Project("{9A19103F-16F7-4668-BE54-9A1E7A4F7556}") = "Cblx.OData.Client.Repositories", "Cblx.OData.Client.Repositories\Cblx.OData.Client.Repositories.csproj", "{929C5FAB-0974-4B81-9E1D-9E43AE0841A6}"
EndProject
Project("{9A19103F-16F7-4668-BE54-9A1E7A4F7556}") = "Cblx.OData.Client.Repositories.Abstractions", "Cblx.OData.Client.Repositories.Abstractions\Cblx.OData.Client.Repositories.Abstractions.csproj", "{CF50070C-87E1-4CF2-9F2A-F037518DD4E1}"
EndProject
Project("{9A19103F-16F7-4668-BE54-9A1E7A4F7556}") = "Cblx.OData.Client.SourceGenerators", "Cblx.OData.Client.SourceGenerators\Cblx.OData.Client.SourceGenerators.csproj", "{10599118-A97E-4C6A-9F11-D457FCA705FF}"
EndProject
Project("{FAE04EC0-301F-11D3-BF4B-00C04F79EFBC}") = "Cblx.Dynamics", "Cblx.Dynamics\Cblx.Dynamics.csproj", "{F9CCB87B-C24B-4F1D-817B-D6B5C5A174CC}"
EndProject
Global
	GlobalSection(SolutionConfigurationPlatforms) = preSolution
		Debug|Any CPU = Debug|Any CPU
		Debug|x64 = Debug|x64
		Debug|x86 = Debug|x86
		Release|Any CPU = Release|Any CPU
		Release|x64 = Release|x64
		Release|x86 = Release|x86
	EndGlobalSection
	GlobalSection(ProjectConfigurationPlatforms) = postSolution
		{33CA6B4C-6088-4A96-A8C9-37F21994000D}.Debug|Any CPU.ActiveCfg = Debug|Any CPU
		{33CA6B4C-6088-4A96-A8C9-37F21994000D}.Debug|Any CPU.Build.0 = Debug|Any CPU
		{33CA6B4C-6088-4A96-A8C9-37F21994000D}.Debug|x64.ActiveCfg = Debug|Any CPU
		{33CA6B4C-6088-4A96-A8C9-37F21994000D}.Debug|x64.Build.0 = Debug|Any CPU
		{33CA6B4C-6088-4A96-A8C9-37F21994000D}.Debug|x86.ActiveCfg = Debug|Any CPU
		{33CA6B4C-6088-4A96-A8C9-37F21994000D}.Debug|x86.Build.0 = Debug|Any CPU
		{33CA6B4C-6088-4A96-A8C9-37F21994000D}.Release|Any CPU.ActiveCfg = Release|Any CPU
		{33CA6B4C-6088-4A96-A8C9-37F21994000D}.Release|Any CPU.Build.0 = Release|Any CPU
		{33CA6B4C-6088-4A96-A8C9-37F21994000D}.Release|x64.ActiveCfg = Release|Any CPU
		{33CA6B4C-6088-4A96-A8C9-37F21994000D}.Release|x64.Build.0 = Release|Any CPU
		{33CA6B4C-6088-4A96-A8C9-37F21994000D}.Release|x86.ActiveCfg = Release|Any CPU
		{33CA6B4C-6088-4A96-A8C9-37F21994000D}.Release|x86.Build.0 = Release|Any CPU
		{A288D58F-F775-4DDA-B1FC-5E80960CB7F3}.Debug|Any CPU.ActiveCfg = Debug|Any CPU
		{A288D58F-F775-4DDA-B1FC-5E80960CB7F3}.Debug|Any CPU.Build.0 = Debug|Any CPU
		{A288D58F-F775-4DDA-B1FC-5E80960CB7F3}.Debug|x64.ActiveCfg = Debug|Any CPU
		{A288D58F-F775-4DDA-B1FC-5E80960CB7F3}.Debug|x64.Build.0 = Debug|Any CPU
		{A288D58F-F775-4DDA-B1FC-5E80960CB7F3}.Debug|x86.ActiveCfg = Debug|Any CPU
		{A288D58F-F775-4DDA-B1FC-5E80960CB7F3}.Debug|x86.Build.0 = Debug|Any CPU
		{A288D58F-F775-4DDA-B1FC-5E80960CB7F3}.Release|Any CPU.ActiveCfg = Release|Any CPU
		{A288D58F-F775-4DDA-B1FC-5E80960CB7F3}.Release|Any CPU.Build.0 = Release|Any CPU
		{A288D58F-F775-4DDA-B1FC-5E80960CB7F3}.Release|x64.ActiveCfg = Release|Any CPU
		{A288D58F-F775-4DDA-B1FC-5E80960CB7F3}.Release|x64.Build.0 = Release|Any CPU
		{A288D58F-F775-4DDA-B1FC-5E80960CB7F3}.Release|x86.ActiveCfg = Release|Any CPU
		{A288D58F-F775-4DDA-B1FC-5E80960CB7F3}.Release|x86.Build.0 = Release|Any CPU
		{903B77DB-1A40-4461-A46F-8F85C41F55FB}.Debug|Any CPU.ActiveCfg = Debug|Any CPU
		{903B77DB-1A40-4461-A46F-8F85C41F55FB}.Debug|Any CPU.Build.0 = Debug|Any CPU
		{903B77DB-1A40-4461-A46F-8F85C41F55FB}.Debug|x64.ActiveCfg = Debug|Any CPU
		{903B77DB-1A40-4461-A46F-8F85C41F55FB}.Debug|x64.Build.0 = Debug|Any CPU
		{903B77DB-1A40-4461-A46F-8F85C41F55FB}.Debug|x86.ActiveCfg = Debug|Any CPU
		{903B77DB-1A40-4461-A46F-8F85C41F55FB}.Debug|x86.Build.0 = Debug|Any CPU
		{903B77DB-1A40-4461-A46F-8F85C41F55FB}.Release|Any CPU.ActiveCfg = Release|Any CPU
		{903B77DB-1A40-4461-A46F-8F85C41F55FB}.Release|Any CPU.Build.0 = Release|Any CPU
		{903B77DB-1A40-4461-A46F-8F85C41F55FB}.Release|x64.ActiveCfg = Release|Any CPU
		{903B77DB-1A40-4461-A46F-8F85C41F55FB}.Release|x64.Build.0 = Release|Any CPU
		{903B77DB-1A40-4461-A46F-8F85C41F55FB}.Release|x86.ActiveCfg = Release|Any CPU
		{903B77DB-1A40-4461-A46F-8F85C41F55FB}.Release|x86.Build.0 = Release|Any CPU
		{929C5FAB-0974-4B81-9E1D-9E43AE0841A6}.Debug|Any CPU.ActiveCfg = Debug|Any CPU
		{929C5FAB-0974-4B81-9E1D-9E43AE0841A6}.Debug|Any CPU.Build.0 = Debug|Any CPU
		{929C5FAB-0974-4B81-9E1D-9E43AE0841A6}.Debug|x64.ActiveCfg = Debug|Any CPU
		{929C5FAB-0974-4B81-9E1D-9E43AE0841A6}.Debug|x64.Build.0 = Debug|Any CPU
		{929C5FAB-0974-4B81-9E1D-9E43AE0841A6}.Debug|x86.ActiveCfg = Debug|Any CPU
		{929C5FAB-0974-4B81-9E1D-9E43AE0841A6}.Debug|x86.Build.0 = Debug|Any CPU
		{929C5FAB-0974-4B81-9E1D-9E43AE0841A6}.Release|Any CPU.ActiveCfg = Release|Any CPU
		{929C5FAB-0974-4B81-9E1D-9E43AE0841A6}.Release|Any CPU.Build.0 = Release|Any CPU
		{929C5FAB-0974-4B81-9E1D-9E43AE0841A6}.Release|x64.ActiveCfg = Release|Any CPU
		{929C5FAB-0974-4B81-9E1D-9E43AE0841A6}.Release|x64.Build.0 = Release|Any CPU
		{929C5FAB-0974-4B81-9E1D-9E43AE0841A6}.Release|x86.ActiveCfg = Release|Any CPU
		{929C5FAB-0974-4B81-9E1D-9E43AE0841A6}.Release|x86.Build.0 = Release|Any CPU
		{CF50070C-87E1-4CF2-9F2A-F037518DD4E1}.Debug|Any CPU.ActiveCfg = Debug|Any CPU
		{CF50070C-87E1-4CF2-9F2A-F037518DD4E1}.Debug|Any CPU.Build.0 = Debug|Any CPU
		{CF50070C-87E1-4CF2-9F2A-F037518DD4E1}.Debug|x64.ActiveCfg = Debug|Any CPU
		{CF50070C-87E1-4CF2-9F2A-F037518DD4E1}.Debug|x64.Build.0 = Debug|Any CPU
		{CF50070C-87E1-4CF2-9F2A-F037518DD4E1}.Debug|x86.ActiveCfg = Debug|Any CPU
		{CF50070C-87E1-4CF2-9F2A-F037518DD4E1}.Debug|x86.Build.0 = Debug|Any CPU
		{CF50070C-87E1-4CF2-9F2A-F037518DD4E1}.Release|Any CPU.ActiveCfg = Release|Any CPU
		{CF50070C-87E1-4CF2-9F2A-F037518DD4E1}.Release|Any CPU.Build.0 = Release|Any CPU
		{CF50070C-87E1-4CF2-9F2A-F037518DD4E1}.Release|x64.ActiveCfg = Release|Any CPU
		{CF50070C-87E1-4CF2-9F2A-F037518DD4E1}.Release|x64.Build.0 = Release|Any CPU
		{CF50070C-87E1-4CF2-9F2A-F037518DD4E1}.Release|x86.ActiveCfg = Release|Any CPU
		{CF50070C-87E1-4CF2-9F2A-F037518DD4E1}.Release|x86.Build.0 = Release|Any CPU
		{10599118-A97E-4C6A-9F11-D457FCA705FF}.Debug|Any CPU.ActiveCfg = Debug|Any CPU
		{10599118-A97E-4C6A-9F11-D457FCA705FF}.Debug|Any CPU.Build.0 = Debug|Any CPU
		{10599118-A97E-4C6A-9F11-D457FCA705FF}.Debug|x64.ActiveCfg = Debug|Any CPU
		{10599118-A97E-4C6A-9F11-D457FCA705FF}.Debug|x64.Build.0 = Debug|Any CPU
		{10599118-A97E-4C6A-9F11-D457FCA705FF}.Debug|x86.ActiveCfg = Debug|Any CPU
		{10599118-A97E-4C6A-9F11-D457FCA705FF}.Debug|x86.Build.0 = Debug|Any CPU
		{10599118-A97E-4C6A-9F11-D457FCA705FF}.Release|Any CPU.ActiveCfg = Release|Any CPU
		{10599118-A97E-4C6A-9F11-D457FCA705FF}.Release|Any CPU.Build.0 = Release|Any CPU
		{10599118-A97E-4C6A-9F11-D457FCA705FF}.Release|x64.ActiveCfg = Release|Any CPU
		{10599118-A97E-4C6A-9F11-D457FCA705FF}.Release|x64.Build.0 = Release|Any CPU
		{10599118-A97E-4C6A-9F11-D457FCA705FF}.Release|x86.ActiveCfg = Release|Any CPU
		{10599118-A97E-4C6A-9F11-D457FCA705FF}.Release|x86.Build.0 = Release|Any CPU
		{F9CCB87B-C24B-4F1D-817B-D6B5C5A174CC}.Debug|Any CPU.ActiveCfg = Debug|Any CPU
		{F9CCB87B-C24B-4F1D-817B-D6B5C5A174CC}.Debug|Any CPU.Build.0 = Debug|Any CPU
		{F9CCB87B-C24B-4F1D-817B-D6B5C5A174CC}.Debug|x64.ActiveCfg = Debug|Any CPU
		{F9CCB87B-C24B-4F1D-817B-D6B5C5A174CC}.Debug|x64.Build.0 = Debug|Any CPU
		{F9CCB87B-C24B-4F1D-817B-D6B5C5A174CC}.Debug|x86.ActiveCfg = Debug|Any CPU
		{F9CCB87B-C24B-4F1D-817B-D6B5C5A174CC}.Debug|x86.Build.0 = Debug|Any CPU
		{F9CCB87B-C24B-4F1D-817B-D6B5C5A174CC}.Release|Any CPU.ActiveCfg = Release|Any CPU
		{F9CCB87B-C24B-4F1D-817B-D6B5C5A174CC}.Release|Any CPU.Build.0 = Release|Any CPU
		{F9CCB87B-C24B-4F1D-817B-D6B5C5A174CC}.Release|x64.ActiveCfg = Release|Any CPU
		{F9CCB87B-C24B-4F1D-817B-D6B5C5A174CC}.Release|x64.Build.0 = Release|Any CPU
		{F9CCB87B-C24B-4F1D-817B-D6B5C5A174CC}.Release|x86.ActiveCfg = Release|Any CPU
		{F9CCB87B-C24B-4F1D-817B-D6B5C5A174CC}.Release|x86.Build.0 = Release|Any CPU
	EndGlobalSection
	GlobalSection(SolutionProperties) = preSolution
		HideSolutionNode = FALSE
	EndGlobalSection
	GlobalSection(ExtensibilityGlobals) = postSolution
		SolutionGuid = {745A4EB8-2D5E-4FCF-BBED-B2D3CC63D7E3}
	EndGlobalSection
EndGlobal
